<?xml version="1.0" encoding="utf-8"?>
<Project ToolsVersion="4.0" xmlns="http://schemas.microsoft.com/developer/msbuild/2003">
  <ItemGroup>
    <Filter Include="资源文件">
      <UniqueIdentifier>{67DA6AB6-F800-4c08-8B7A-83BB121AAD01}</UniqueIdentifier>
      <Extensions>rc;ico;cur;bmp;dlg;rc2;rct;bin;rgs;gif;jpg;jpeg;jpe;resx;tiff;tif;png;wav;mfcribbon-ms</Extensions>
    </Filter>
    <Filter Include="Engine">
      <UniqueIdentifier>{6e689978-ad1a-4fbb-bc65-d90d34f62875}</UniqueIdentifier>
    </Filter>
    <Filter Include="Project">
      <UniqueIdentifier>{3455f6cd-8cd1-4d07-8dac-a1b9c92b2361}</UniqueIdentifier>
    </Filter>
    <Filter Include="Project\头文件">
      <UniqueIdentifier>{93995380-89BD-4b04-88EB-625FBE52EBFB}</UniqueIdentifier>
      <Extensions>h;hh;hpp;hxx;h++;hm;inl;inc;ipp;xsd</Extensions>
    </Filter>
    <Filter Include="Project\源文件">
      <UniqueIdentifier>{4FC737F1-C7A5-4376-A066-2A32D752A2FF}</UniqueIdentifier>
      <Extensions>cpp;c;cc;cxx;c++;cppm;ixx;def;odl;idl;hpj;bat;asm;asmx</Extensions>
    </Filter>
    <Filter Include="Engine\Components">
      <UniqueIdentifier>{eee4ed2f-1397-4804-acec-57c5f16532a8}</UniqueIdentifier>
    </Filter>
    <Filter Include="Engine\Tools">
      <UniqueIdentifier>{07149afc-78c9-409b-b413-4af5a08a8246}</UniqueIdentifier>
    </Filter>
    <Filter Include="Engine\Interfaces">
      <UniqueIdentifier>{278b75d3-adbb-4597-beaa-dac58696ebb5}</UniqueIdentifier>
    </Filter>
    <Filter Include="Engine\UI">
      <UniqueIdentifier>{30f24663-a3e5-414a-82cd-db3971665c7a}</UniqueIdentifier>
    </Filter>
    <Filter Include="Engine\Objects">
      <UniqueIdentifier>{1cc177d2-f29f-4531-8d1d-43a7450ad079}</UniqueIdentifier>
    </Filter>
    <Filter Include="Engine\Manager">
      <UniqueIdentifier>{5fc587ec-76a9-4842-9b7f-3de7503a31ff}</UniqueIdentifier>
    </Filter>
    <Filter Include="Project\头文件\Base">
      <UniqueIdentifier>{ef106415-b193-4726-8b8c-38ae9f563ecd}</UniqueIdentifier>
    </Filter>
    <Filter Include="Project\源文件\Base">
      <UniqueIdentifier>{0eb11554-4f14-4da0-bb4f-ca035243b966}</UniqueIdentifier>
    </Filter>
    <Filter Include="Project\头文件\Plants">
      <UniqueIdentifier>{991e10a0-b57a-47d3-90b4-651e165b8aa5}</UniqueIdentifier>
    </Filter>
    <Filter Include="Project\源文件\Plants">
      <UniqueIdentifier>{ed695356-16cf-463d-9e33-a48e4185bcba}</UniqueIdentifier>
    </Filter>
    <Filter Include="Project\头文件\Bullets">
      <UniqueIdentifier>{4c237604-da23-4554-a91a-e74f818f9fbf}</UniqueIdentifier>
    </Filter>
    <Filter Include="Project\源文件\Bullets">
      <UniqueIdentifier>{cc80adb0-fdc7-49ad-b168-26eafdf008b4}</UniqueIdentifier>
    </Filter>
    <Filter Include="Project\头文件\Zombies">
      <UniqueIdentifier>{683a76d4-a43f-4781-b918-879df6195486}</UniqueIdentifier>
    </Filter>
    <Filter Include="Project\源文件\Zombies">
      <UniqueIdentifier>{6c149188-2641-48c4-a2ff-367ddd724ff6}</UniqueIdentifier>
    </Filter>
  </ItemGroup>
  <ItemGroup>
    <ClInclude Include="CoreMinimal.h">
      <Filter>Engine</Filter>
    </ClInclude>
    <ClInclude Include="BattleController.h">
      <Filter>Project\头文件</Filter>
    </ClInclude>
    <ClInclude Include="BattleLevel.h">
      <Filter>Project\头文件</Filter>
    </ClInclude>
    <ClInclude Include="Camera.h">
      <Filter>Engine\Components</Filter>
    </ClInclude>
    <ClInclude Include="Controller.h">
      <Filter>Engine\Objects</Filter>
    </ClInclude>
    <ClInclude Include="VisualInterface.h">
      <Filter>Engine\Interfaces</Filter>
    </ClInclude>
    <ClInclude Include="SpriteRenderer.h">
      <Filter>Engine\Components</Filter>
    </ClInclude>
    <ClInclude Include="Math.h">
      <Filter>Engine\Tools</Filter>
    </ClInclude>
    <ClInclude Include="Timer.h">
      <Filter>Engine\Tools</Filter>
    </ClInclude>
    <ClInclude Include="GameStatics.h">
      <Filter>Engine\Tools</Filter>
    </ClInclude>
    <ClInclude Include="InputComponent.h">
      <Filter>Engine\Components</Filter>
    </ClInclude>
    <ClInclude Include="Animator.h">
      <Filter>Engine\Components</Filter>
    </ClInclude>
    <ClInclude Include="Collider.h">
      <Filter>Engine\Components</Filter>
    </ClInclude>
    <ClInclude Include="RigidBody.h">
      <Filter>Engine\Components</Filter>
    </ClInclude>
    <ClInclude Include="Widgets.h">
      <Filter>Engine\UI</Filter>
    </ClInclude>
    <ClInclude Include="Sprite.h">
      <Filter>Engine\Objects</Filter>
    </ClInclude>
    <ClInclude Include="CollisionManager.h">
      <Filter>Engine\Manager</Filter>
    </ClInclude>
    <ClInclude Include="ResourceManager.h">
      <Filter>Engine\Manager</Filter>
    </ClInclude>
    <ClInclude Include="Particle.h">
      <Filter>Engine\Components</Filter>
    </ClInclude>
    <ClInclude Include="UserInterface.h">
      <Filter>Engine\UI</Filter>
    </ClInclude>
    <ClInclude Include="Delegate.h">
      <Filter>Engine\Tools</Filter>
    </ClInclude>
    <ClInclude Include="BasePlant.h">
      <Filter>Project\头文件\Base</Filter>
    </ClInclude>
    <ClInclude Include="BaseBullet.h">
      <Filter>Project\头文件\Base</Filter>
    </ClInclude>
    <ClInclude Include="PeaShooter.h">
      <Filter>Project\头文件\Plants</Filter>
    </ClInclude>
    <ClInclude Include="Pea.h">
      <Filter>Project\头文件\Bullets</Filter>
    </ClInclude>
    <ClInclude Include="BaseZombie.h">
      <Filter>Project\头文件\Base</Filter>
    </ClInclude>
    <ClInclude Include="NormalZombie.h">
      <Filter>Project\头文件\Zombies</Filter>
    </ClInclude>
    <ClInclude Include="SunFlower.h">
      <Filter>Project\头文件\Plants</Filter>
    </ClInclude>
    <ClInclude Include="Sun.h">
      <Filter>Project\头文件\Bullets</Filter>
    </ClInclude>
  </ItemGroup>
  <ItemGroup>
    <ClCompile Include="CoreMinimal.cpp">
      <Filter>Engine</Filter>
    </ClCompile>
    <ClCompile Include="game.cpp">
      <Filter>Engine</Filter>
    </ClCompile>
    <ClCompile Include="BattleController.cpp">
      <Filter>Project\源文件</Filter>
    </ClCompile>
    <ClCompile Include="BattleLevel.cpp">
      <Filter>Project\源文件</Filter>
    </ClCompile>
    <ClCompile Include="Camera.cpp">
      <Filter>Engine\Components</Filter>
    </ClCompile>
    <ClCompile Include="Controller.cpp">
      <Filter>Engine\Objects</Filter>
    </ClCompile>
    <ClCompile Include="VisualInterface.cpp">
      <Filter>Engine\Interfaces</Filter>
    </ClCompile>
    <ClCompile Include="SpriteRenderer.cpp">
      <Filter>Engine\Components</Filter>
    </ClCompile>
    <ClCompile Include="Math.cpp">
      <Filter>Engine\Tools</Filter>
    </ClCompile>
    <ClCompile Include="GameStatics.cpp">
      <Filter>Engine\Tools</Filter>
    </ClCompile>
    <ClCompile Include="InputComponent.cpp">
      <Filter>Engine\Components</Filter>
    </ClCompile>
    <ClCompile Include="Animator.cpp">
      <Filter>Engine\Components</Filter>
    </ClCompile>
    <ClCompile Include="Collider.cpp">
      <Filter>Engine\Components</Filter>
    </ClCompile>
    <ClCompile Include="RigidBody.cpp">
      <Filter>Engine\Components</Filter>
    </ClCompile>
    <ClCompile Include="Widgets.cpp">
      <Filter>Engine\UI</Filter>
    </ClCompile>
    <ClCompile Include="Sprite.cpp">
      <Filter>Engine\Objects</Filter>
    </ClCompile>
    <ClCompile Include="CollisionManager.cpp">
      <Filter>Engine\Manager</Filter>
    </ClCompile>
    <ClCompile Include="ResourceManager.cpp">
      <Filter>Engine\Manager</Filter>
    </ClCompile>
    <ClCompile Include="Particle.cpp">
      <Filter>Engine\Components</Filter>
    </ClCompile>
    <ClCompile Include="UserInterface.cpp">
      <Filter>Engine\UI</Filter>
    </ClCompile>
    <ClCompile Include="BasePlant.cpp">
      <Filter>Project\源文件\Base</Filter>
    </ClCompile>
    <ClCompile Include="PeaShooter.cpp">
      <Filter>Project\源文件\Plants</Filter>
    </ClCompile>
    <ClCompile Include="BaseBullet.cpp">
      <Filter>Project\源文件\Base</Filter>
    </ClCompile>
    <ClCompile Include="Pea.cpp">
      <Filter>Project\源文件\Bullets</Filter>
    </ClCompile>
    <ClCompile Include="BaseZombie.cpp">
      <Filter>Project\源文件\Base</Filter>
    </ClCompile>
    <ClCompile Include="NormalZombie.cpp">
      <Filter>Project\源文件\Zombies</Filter>
    </ClCompile>
    <ClCompile Include="Sun.cpp">
      <Filter>Project\源文件\Bullets</Filter>
    </ClCompile>
    <ClCompile Include="SunFlower.cpp">
      <Filter>Project\源文件\Plants</Filter>
    </ClCompile>
  </ItemGroup>
  <ItemGroup>
    <None Include="cpp.hint" />
  </ItemGroup>
</Project>