<?xml version="1.0" encoding="utf-8"?>
<Project ToolsVersion="4.0" xmlns="http://schemas.microsoft.com/developer/msbuild/2003">
  <ItemGroup>
    <Filter Include="资源文件">
      <UniqueIdentifier>{67DA6AB6-F800-4c08-8B7A-83BB121AAD01}</UniqueIdentifier>
      <Extensions>rc;ico;cur;bmp;dlg;rc2;rct;bin;rgs;gif;jpg;jpeg;jpe;resx;tiff;tif;png;wav;mfcribbon-ms</Extensions>
    </Filter>
    <Filter Include="Engine">
      <UniqueIdentifier>{6e689978-ad1a-4fbb-bc65-d90d34f62875}</UniqueIdentifier>
    </Filter>
    <Filter Include="Project">
      <UniqueIdentifier>{3455f6cd-8cd1-4d07-8dac-a1b9c92b2361}</UniqueIdentifier>
    </Filter>
    <Filter Include="Project\头文件">
      <UniqueIdentifier>{93995380-89BD-4b04-88EB-625FBE52EBFB}</UniqueIdentifier>
      <Extensions>h;hh;hpp;hxx;h++;hm;inl;inc;ipp;xsd</Extensions>
    </Filter>
    <Filter Include="Project\源文件">
      <UniqueIdentifier>{4FC737F1-C7A5-4376-A066-2A32D752A2FF}</UniqueIdentifier>
      <Extensions>cpp;c;cc;cxx;c++;cppm;ixx;def;odl;idl;hpj;bat;asm;asmx</Extensions>
    </Filter>
    <Filter Include="Engine\Components">
      <UniqueIdentifier>{eee4ed2f-1397-4804-acec-57c5f16532a8}</UniqueIdentifier>
    </Filter>
    <Filter Include="Engine\UI">
      <UniqueIdentifier>{30f24663-a3e5-414a-82cd-db3971665c7a}</UniqueIdentifier>
    </Filter>
    <Filter Include="Engine\Objects">
      <UniqueIdentifier>{1cc177d2-f29f-4531-8d1d-43a7450ad079}</UniqueIdentifier>
    </Filter>
    <Filter Include="Project\头文件\Base">
      <UniqueIdentifier>{ef106415-b193-4726-8b8c-38ae9f563ecd}</UniqueIdentifier>
    </Filter>
    <Filter Include="Project\源文件\Base">
      <UniqueIdentifier>{0eb11554-4f14-4da0-bb4f-ca035243b966}</UniqueIdentifier>
    </Filter>
    <Filter Include="Project\头文件\Plants">
      <UniqueIdentifier>{991e10a0-b57a-47d3-90b4-651e165b8aa5}</UniqueIdentifier>
    </Filter>
    <Filter Include="Project\源文件\Plants">
      <UniqueIdentifier>{ed695356-16cf-463d-9e33-a48e4185bcba}</UniqueIdentifier>
    </Filter>
    <Filter Include="Project\头文件\Bullets">
      <UniqueIdentifier>{4c237604-da23-4554-a91a-e74f818f9fbf}</UniqueIdentifier>
    </Filter>
    <Filter Include="Project\源文件\Bullets">
      <UniqueIdentifier>{cc80adb0-fdc7-49ad-b168-26eafdf008b4}</UniqueIdentifier>
    </Filter>
    <Filter Include="Project\头文件\Zombies">
      <UniqueIdentifier>{683a76d4-a43f-4781-b918-879df6195486}</UniqueIdentifier>
    </Filter>
    <Filter Include="Project\源文件\Zombies">
      <UniqueIdentifier>{6c149188-2641-48c4-a2ff-367ddd724ff6}</UniqueIdentifier>
    </Filter>
    <Filter Include="Engine\Core">
      <UniqueIdentifier>{24169d63-5b19-424a-85ff-9aa55ae86ccd}</UniqueIdentifier>
    </Filter>
    <Filter Include="Engine\Tools">
      <UniqueIdentifier>{07149afc-78c9-409b-b413-4af5a08a8246}</UniqueIdentifier>
    </Filter>
  </ItemGroup>
  <ItemGroup>
    <ClInclude Include="Source\Project\BattleController.h">
      <Filter>Project\头文件</Filter>
    </ClInclude>
    <ClInclude Include="Source\Project\BattleLevel.h">
      <Filter>Project\头文件</Filter>
    </ClInclude>
    <ClInclude Include="Source\Engine\Components\Camera.h">
      <Filter>Engine\Components</Filter>
    </ClInclude>
    <ClInclude Include="Source\Engine\Objects\Controller.h">
      <Filter>Engine\Objects</Filter>
    </ClInclude>
    <ClInclude Include="Source\Engine\Components\SpriteRenderer.h">
      <Filter>Engine\Components</Filter>
    </ClInclude>
    <ClInclude Include="Source\Engine\Tools\Math.h">
      <Filter>Engine\Tools</Filter>
    </ClInclude>
    <ClInclude Include="Source\Engine\Tools\Timer.h">
      <Filter>Engine\Tools</Filter>
    </ClInclude>
    <ClInclude Include="Source\Engine\Components\InputComponent.h">
      <Filter>Engine\Components</Filter>
    </ClInclude>
    <ClInclude Include="Source\Engine\Components\Animator.h">
      <Filter>Engine\Components</Filter>
    </ClInclude>
    <ClInclude Include="Source\Engine\Components\Collider.h">
      <Filter>Engine\Components</Filter>
    </ClInclude>
    <ClInclude Include="Source\Engine\Components\RigidBody.h">
      <Filter>Engine\Components</Filter>
    </ClInclude>
    <ClInclude Include="Source\Engine\UI\Widgets.h">
      <Filter>Engine\UI</Filter>
    </ClInclude>
    <ClInclude Include="Source\Engine\Objects\Sprite.h">
      <Filter>Engine\Objects</Filter>
    </ClInclude>
    <ClInclude Include="Source\Engine\Components\Particle.h">
      <Filter>Engine\Components</Filter>
    </ClInclude>
    <ClInclude Include="Source\Engine\UI\UserInterface.h">
      <Filter>Engine\UI</Filter>
    </ClInclude>
    <ClInclude Include="Source\Engine\Tools\Delegate.h">
      <Filter>Engine\Tools</Filter>
    </ClInclude>
    <ClInclude Include="Source\Project\BasePlant.h">
      <Filter>Project\头文件\Base</Filter>
    </ClInclude>
    <ClInclude Include="Source\Project\BaseBullet.h">
      <Filter>Project\头文件\Base</Filter>
    </ClInclude>
    <ClInclude Include="Source\Project\PeaShooter.h">
      <Filter>Project\头文件\Plants</Filter>
    </ClInclude>
    <ClInclude Include="Source\Project\Pea.h">
      <Filter>Project\头文件\Bullets</Filter>
    </ClInclude>
    <ClInclude Include="Source\Project\BaseZombie.h">
      <Filter>Project\头文件\Base</Filter>
    </ClInclude>
    <ClInclude Include="Source\Project\NormalZombie.h">
      <Filter>Project\头文件\Zombies</Filter>
    </ClInclude>
    <ClInclude Include="Source\Project\SunFlower.h">
      <Filter>Project\头文件\Plants</Filter>
    </ClInclude>
    <ClInclude Include="Source\Project\Sun.h">
      <Filter>Project\头文件\Bullets</Filter>
    </ClInclude>
    <ClInclude Include="Source\Engine\GameplayStatics.h">
      <Filter>Engine\Tools</Filter>
    </ClInclude>
    <ClInclude Include="Source\Engine\Tools\VisualInterface.h">
      <Filter>Engine\Tools</Filter>
    </ClInclude>
    <ClInclude Include="Source\Engine\CoreMinimal.h">
      <Filter>Engine\Core</Filter>
    </ClInclude>
    <ClInclude Include="Source\Engine\Objects\Actor.h">
      <Filter>Engine\Objects</Filter>
    </ClInclude>
    <ClInclude Include="Source\Engine\Components\ActorComponent.h">
      <Filter>Engine\Components</Filter>
    </ClInclude>
    <ClInclude Include="Source\Engine\Components\SceneComponent.h">
      <Filter>Engine\Components</Filter>
    </ClInclude>
    <ClInclude Include="Source\Engine\Core\Macro.h">
      <Filter>Engine\Core</Filter>
    </ClInclude>
    <ClInclude Include="Source\Engine\Core\Object.h">
      <Filter>Engine\Core</Filter>
    </ClInclude>
    <ClInclude Include="Source\Engine\Core\Struct.h">
      <Filter>Engine\Core</Filter>
    </ClInclude>
    <ClInclude Include="Source\Engine\Core\World.h">
      <Filter>Engine\Core</Filter>
    </ClInclude>
    <ClInclude Include="Source\Engine\Tools\ResourceManager.h">
      <Filter>Engine\Tools</Filter>
    </ClInclude>
    <ClInclude Include="Source\Engine\Tools\LevelManager.h">
      <Filter>Engine\Tools</Filter>
    </ClInclude>
    <ClInclude Include="Source\Engine\Tools\CollisionManager.h">
      <Filter>Engine\Tools</Filter>
    </ClInclude>
    <ClInclude Include="Source\Project\BattleUI.h">
      <Filter>Project\头文件</Filter>
    </ClInclude>
    <ClInclude Include="Source\Project\SeedUI.h">
      <Filter>Project\头文件</Filter>
    </ClInclude>
  </ItemGroup>
  <ItemGroup>
    <ClCompile Include="Source\Project\BattleController.cpp">
      <Filter>Project\源文件</Filter>
    </ClCompile>
    <ClCompile Include="Source\Project\BattleLevel.cpp">
      <Filter>Project\源文件</Filter>
    </ClCompile>
    <ClCompile Include="Source\Engine\Components\Camera.cpp">
      <Filter>Engine\Components</Filter>
    </ClCompile>
    <ClCompile Include="Source\Engine\Objects\Controller.cpp">
      <Filter>Engine\Objects</Filter>
    </ClCompile>
    <ClCompile Include="Source\Engine\Components\SpriteRenderer.cpp">
      <Filter>Engine\Components</Filter>
    </ClCompile>
    <ClCompile Include="Source\Engine\Tools\Math.cpp">
      <Filter>Engine\Tools</Filter>
    </ClCompile>
    <ClCompile Include="Source\Engine\Tools\GameplayStatics.cpp">
      <Filter>Engine\Tools</Filter>
    </ClCompile>
    <ClCompile Include="Source\Engine\Components\InputComponent.cpp">
      <Filter>Engine\Components</Filter>
    </ClCompile>
    <ClCompile Include="Source\Engine\Components\Animator.cpp">
      <Filter>Engine\Components</Filter>
    </ClCompile>
    <ClCompile Include="Source\Engine\Components\Collider.cpp">
      <Filter>Engine\Components</Filter>
    </ClCompile>
    <ClCompile Include="Source\Engine\Components\RigidBody.cpp">
      <Filter>Engine\Components</Filter>
    </ClCompile>
    <ClCompile Include="Source\Engine\UI\Widgets.cpp">
      <Filter>Engine\UI</Filter>
    </ClCompile>
    <ClCompile Include="Source\Engine\Objects\Sprite.cpp">
      <Filter>Engine\Objects</Filter>
    </ClCompile>
    <ClCompile Include="Source\Engine\Components\Particle.cpp">
      <Filter>Engine\Components</Filter>
    </ClCompile>
    <ClCompile Include="Source\Engine\UI\UserInterface.cpp">
      <Filter>Engine\UI</Filter>
    </ClCompile>
    <ClCompile Include="Source\Project\BasePlant.cpp">
      <Filter>Project\源文件\Base</Filter>
    </ClCompile>
    <ClCompile Include="Source\Project\PeaShooter.cpp">
      <Filter>Project\源文件\Plants</Filter>
    </ClCompile>
    <ClCompile Include="Source\Project\BaseBullet.cpp">
      <Filter>Project\源文件\Base</Filter>
    </ClCompile>
    <ClCompile Include="Source\Project\Pea.cpp">
      <Filter>Project\源文件\Bullets</Filter>
    </ClCompile>
    <ClCompile Include="Source\Project\BaseZombie.cpp">
      <Filter>Project\源文件\Base</Filter>
    </ClCompile>
    <ClCompile Include="Source\Project\NormalZombie.cpp">
      <Filter>Project\源文件\Zombies</Filter>
    </ClCompile>
    <ClCompile Include="Source\Project\Sun.cpp">
      <Filter>Project\源文件\Bullets</Filter>
    </ClCompile>
    <ClCompile Include="Source\Engine\Tools\VisualInterface.cpp">
      <Filter>Engine\Tools</Filter>
    </ClCompile>
    <ClCompile Include="Source\Engine\Tools\CollisionManager.cpp">
      <Filter>Engine</Filter>
    </ClCompile>
    <ClCompile Include="Source\Engine\Tools\LevelManager.cpp">
      <Filter>Engine</Filter>
    </ClCompile>
    <ClCompile Include="Source\Engine\Tools\ResourceManager.cpp">
      <Filter>Engine</Filter>
    </ClCompile>
    <ClCompile Include="Source\Engine\Core\game.cpp">
      <Filter>Engine\Core</Filter>
    </ClCompile>
    <ClCompile Include="Source\Engine\Objects\Actor.cpp">
      <Filter>Engine\Objects</Filter>
    </ClCompile>
    <ClCompile Include="Source\Engine\Components\ActorComponent.cpp">
      <Filter>Engine\Components</Filter>
    </ClCompile>
    <ClCompile Include="Source\Engine\Components\SceneComponent.cpp">
      <Filter>Engine\Components</Filter>
    </ClCompile>
    <ClCompile Include="Source\Engine\Tools\Timer.cpp">
      <Filter>Engine\Tools</Filter>
    </ClCompile>
    <ClCompile Include="Source\Engine\Core\World.cpp">
      <Filter>Engine\Core</Filter>
    </ClCompile>
    <ClCompile Include="Source\Project\SunFlower.cpp">
      <Filter>Project\源文件\Plants</Filter>
    </ClCompile>
    <ClCompile Include="Source\Project\BattleUI.cpp">
      <Filter>Project\源文件</Filter>
    </ClCompile>
    <ClCompile Include="Source\Project\SeedUI.cpp">
      <Filter>Project\源文件</Filter>
    </ClCompile>
  </ItemGroup>
  <ItemGroup>
    <None Include="Source\cpp.hint" />
  </ItemGroup>
</Project>